// !$*UTF8*$!
{
	archiveVersion = 1;
	classes = {
	};
	objectVersion = 46;
	objects = {

/* Begin PBXBuildFile section */
		C4830F7A192E543A000D237E /* Foundation.framework in Frameworks */ = {isa = PBXBuildFile; fileRef = C4830F79192E543A000D237E /* Foundation.framework */; };
		C4830F7C192E543A000D237E /* CoreGraphics.framework in Frameworks */ = {isa = PBXBuildFile; fileRef = C4830F7B192E543A000D237E /* CoreGraphics.framework */; };
		C4830F7E192E543A000D237E /* UIKit.framework in Frameworks */ = {isa = PBXBuildFile; fileRef = C4830F7D192E543A000D237E /* UIKit.framework */; };
		C4830F84192E543A000D237E /* InfoPlist.strings in Resources */ = {isa = PBXBuildFile; fileRef = C4830F82192E543A000D237E /* InfoPlist.strings */; };
		C4830F86192E543A000D237E /* main.m in Sources */ = {isa = PBXBuildFile; fileRef = C4830F85192E543A000D237E /* main.m */; };
		C4830F8A192E543A000D237E /* HAWAppDelegate.m in Sources */ = {isa = PBXBuildFile; fileRef = C4830F89192E543A000D237E /* HAWAppDelegate.m */; };
		C4830F93192E543A000D237E /* HAWViewController.m in Sources */ = {isa = PBXBuildFile; fileRef = C4830F92192E543A000D237E /* HAWViewController.m */; };
		C4830F95192E543A000D237E /* Images.xcassets in Resources */ = {isa = PBXBuildFile; fileRef = C4830F94192E543A000D237E /* Images.xcassets */; };
		C4830F9C192E543A000D237E /* XCTest.framework in Frameworks */ = {isa = PBXBuildFile; fileRef = C4830F9B192E543A000D237E /* XCTest.framework */; };
		C4830F9D192E543A000D237E /* Foundation.framework in Frameworks */ = {isa = PBXBuildFile; fileRef = C4830F79192E543A000D237E /* Foundation.framework */; };
		C4830F9E192E543A000D237E /* UIKit.framework in Frameworks */ = {isa = PBXBuildFile; fileRef = C4830F7D192E543A000D237E /* UIKit.framework */; };
		C4830FA6192E543A000D237E /* InfoPlist.strings in Resources */ = {isa = PBXBuildFile; fileRef = C4830FA4192E543A000D237E /* InfoPlist.strings */; };
		C4830FA8192E543A000D237E /* LeftMenuViewExampleTests.m in Sources */ = {isa = PBXBuildFile; fileRef = C4830FA7192E543A000D237E /* LeftMenuViewExampleTests.m */; };
		C4830FB5192E546E000D237E /* HAWLeftMenuViewController.m in Sources */ = {isa = PBXBuildFile; fileRef = C4830FB3192E546E000D237E /* HAWLeftMenuViewController.m */; };
		C4830FB8192E547E000D237E /* HAWLeftViewController.m in Sources */ = {isa = PBXBuildFile; fileRef = C4830FB7192E547E000D237E /* HAWLeftViewController.m */; };
/* End PBXBuildFile section */

/* Begin PBXContainerItemProxy section */
		C4830F9F192E543A000D237E /* PBXContainerItemProxy */ = {
			isa = PBXContainerItemProxy;
			containerPortal = C4830F6E192E543A000D237E /* Project object */;
			proxyType = 1;
			remoteGlobalIDString = C4830F75192E543A000D237E;
			remoteInfo = LeftMenuViewExample;
		};
/* End PBXContainerItemProxy section */

/* Begin PBXFileReference section */
		C4830F76192E543A000D237E /* LeftMenuViewExample.app */ = {isa = PBXFileReference; explicitFileType = wrapper.application; includeInIndex = 0; path = LeftMenuViewExample.app; sourceTree = BUILT_PRODUCTS_DIR; };
		C4830F79192E543A000D237E /* Foundation.framework */ = {isa = PBXFileReference; lastKnownFileType = wrapper.framework; name = Foundation.framework; path = System/Library/Frameworks/Foundation.framework; sourceTree = SDKROOT; };
		C4830F7B192E543A000D237E /* CoreGraphics.framework */ = {isa = PBXFileReference; lastKnownFileType = wrapper.framework; name = CoreGraphics.framework; path = System/Library/Frameworks/CoreGraphics.framework; sourceTree = SDKROOT; };
		C4830F7D192E543A000D237E /* UIKit.framework */ = {isa = PBXFileReference; lastKnownFileType = wrapper.framework; name = UIKit.framework; path = System/Library/Frameworks/UIKit.framework; sourceTree = SDKROOT; };
		C4830F81192E543A000D237E /* LeftMenuViewExample-Info.plist */ = {isa = PBXFileReference; lastKnownFileType = text.plist.xml; path = "LeftMenuViewExample-Info.plist"; sourceTree = "<group>"; };
		C4830F83192E543A000D237E /* en */ = {isa = PBXFileReference; lastKnownFileType = text.plist.strings; name = en; path = en.lproj/InfoPlist.strings; sourceTree = "<group>"; };
		C4830F85192E543A000D237E /* main.m */ = {isa = PBXFileReference; lastKnownFileType = sourcecode.c.objc; path = main.m; sourceTree = "<group>"; };
		C4830F87192E543A000D237E /* LeftMenuViewExample-Prefix.pch */ = {isa = PBXFileReference; lastKnownFileType = sourcecode.c.h; path = "LeftMenuViewExample-Prefix.pch"; sourceTree = "<group>"; };
		C4830F88192E543A000D237E /* HAWAppDelegate.h */ = {isa = PBXFileReference; lastKnownFileType = sourcecode.c.h; path = HAWAppDelegate.h; sourceTree = "<group>"; };
		C4830F89192E543A000D237E /* HAWAppDelegate.m */ = {isa = PBXFileReference; lastKnownFileType = sourcecode.c.objc; path = HAWAppDelegate.m; sourceTree = "<group>"; };
		C4830F91192E543A000D237E /* HAWViewController.h */ = {isa = PBXFileReference; lastKnownFileType = sourcecode.c.h; path = HAWViewController.h; sourceTree = "<group>"; };
		C4830F92192E543A000D237E /* HAWViewController.m */ = {isa = PBXFileReference; lastKnownFileType = sourcecode.c.objc; path = HAWViewController.m; sourceTree = "<group>"; };
		C4830F94192E543A000D237E /* Images.xcassets */ = {isa = PBXFileReference; lastKnownFileType = folder.assetcatalog; path = Images.xcassets; sourceTree = "<group>"; };
		C4830F9A192E543A000D237E /* LeftMenuViewExampleTests.xctest */ = {isa = PBXFileReference; explicitFileType = wrapper.cfbundle; includeInIndex = 0; path = LeftMenuViewExampleTests.xctest; sourceTree = BUILT_PRODUCTS_DIR; };
		C4830F9B192E543A000D237E /* XCTest.framework */ = {isa = PBXFileReference; lastKnownFileType = wrapper.framework; name = XCTest.framework; path = Library/Frameworks/XCTest.framework; sourceTree = DEVELOPER_DIR; };
		C4830FA3192E543A000D237E /* LeftMenuViewExampleTests-Info.plist */ = {isa = PBXFileReference; lastKnownFileType = text.plist.xml; path = "LeftMenuViewExampleTests-Info.plist"; sourceTree = "<group>"; };
		C4830FA5192E543A000D237E /* en */ = {isa = PBXFileReference; lastKnownFileType = text.plist.strings; name = en; path = en.lproj/InfoPlist.strings; sourceTree = "<group>"; };
		C4830FA7192E543A000D237E /* LeftMenuViewExampleTests.m */ = {isa = PBXFileReference; lastKnownFileType = sourcecode.c.objc; path = LeftMenuViewExampleTests.m; sourceTree = "<group>"; };
		C4830FB3192E546E000D237E /* HAWLeftMenuViewController.m */ = {isa = PBXFileReference; fileEncoding = 4; lastKnownFileType = sourcecode.c.objc; name = HAWLeftMenuViewController.m; path = ../../HAWLeftMenuViewController/HAWLeftMenuViewController.m; sourceTree = "<group>"; };
		C4830FB4192E546E000D237E /* HAWLeftMenuViewController.h */ = {isa = PBXFileReference; fileEncoding = 4; lastKnownFileType = sourcecode.c.h; name = HAWLeftMenuViewController.h; path = ../../HAWLeftMenuViewController/HAWLeftMenuViewController.h; sourceTree = "<group>"; };
		C4830FB6192E547E000D237E /* HAWLeftViewController.h */ = {isa = PBXFileReference; fileEncoding = 4; lastKnownFileType = sourcecode.c.h; path = HAWLeftViewController.h; sourceTree = "<group>"; };
		C4830FB7192E547E000D237E /* HAWLeftViewController.m */ = {isa = PBXFileReference; fileEncoding = 4; lastKnownFileType = sourcecode.c.objc; path = HAWLeftViewController.m; sourceTree = "<group>"; };
/* End PBXFileReference section */

/* Begin PBXFrameworksBuildPhase section */
		C4830F73192E543A000D237E /* Frameworks */ = {
			isa = PBXFrameworksBuildPhase;
			buildActionMask = 2147483647;
			files = (
				C4830F7C192E543A000D237E /* CoreGraphics.framework in Frameworks */,
				C4830F7E192E543A000D237E /* UIKit.framework in Frameworks */,
				C4830F7A192E543A000D237E /* Foundation.framework in Frameworks */,
			);
			runOnlyForDeploymentPostprocessing = 0;
		};
		C4830F97192E543A000D237E /* Frameworks */ = {
			isa = PBXFrameworksBuildPhase;
			buildActionMask = 2147483647;
			files = (
				C4830F9C192E543A000D237E /* XCTest.framework in Frameworks */,
				C4830F9E192E543A000D237E /* UIKit.framework in Frameworks */,
				C4830F9D192E543A000D237E /* Foundation.framework in Frameworks */,
			);
			runOnlyForDeploymentPostprocessing = 0;
		};
/* End PBXFrameworksBuildPhase section */

/* Begin PBXGroup section */
		C4830F6D192E543A000D237E = {
			isa = PBXGroup;
			children = (
				C4830F7F192E543A000D237E /* LeftMenuViewExample */,
				C4830FA1192E543A000D237E /* LeftMenuViewExampleTests */,
				C4830F78192E543A000D237E /* Frameworks */,
				C4830F77192E543A000D237E /* Products */,
			);
			sourceTree = "<group>";
		};
		C4830F77192E543A000D237E /* Products */ = {
			isa = PBXGroup;
			children = (
				C4830F76192E543A000D237E /* LeftMenuViewExample.app */,
				C4830F9A192E543A000D237E /* LeftMenuViewExampleTests.xctest */,
			);
			name = Products;
			sourceTree = "<group>";
		};
		C4830F78192E543A000D237E /* Frameworks */ = {
			isa = PBXGroup;
			children = (
				C4830F79192E543A000D237E /* Foundation.framework */,
				C4830F7B192E543A000D237E /* CoreGraphics.framework */,
				C4830F7D192E543A000D237E /* UIKit.framework */,
				C4830F9B192E543A000D237E /* XCTest.framework */,
			);
			name = Frameworks;
			sourceTree = "<group>";
		};
		C4830F7F192E543A000D237E /* LeftMenuViewExample */ = {
			isa = PBXGroup;
			children = (
				C4830FB2192E5456000D237E /* HAWLeftMenuViewController */,
				C4830FB1192E5452000D237E /* Controllers */,
				C4830F88192E543A000D237E /* HAWAppDelegate.h */,
				C4830F89192E543A000D237E /* HAWAppDelegate.m */,
				C4830F94192E543A000D237E /* Images.xcassets */,
				C4830F80192E543A000D237E /* Supporting Files */,
			);
			path = LeftMenuViewExample;
			sourceTree = "<group>";
		};
		C4830F80192E543A000D237E /* Supporting Files */ = {
			isa = PBXGroup;
			children = (
				C4830F81192E543A000D237E /* LeftMenuViewExample-Info.plist */,
				C4830F82192E543A000D237E /* InfoPlist.strings */,
				C4830F85192E543A000D237E /* main.m */,
				C4830F87192E543A000D237E /* LeftMenuViewExample-Prefix.pch */,
			);
			name = "Supporting Files";
			sourceTree = "<group>";
		};
		C4830FA1192E543A000D237E /* LeftMenuViewExampleTests */ = {
			isa = PBXGroup;
			children = (
				C4830FA7192E543A000D237E /* LeftMenuViewExampleTests.m */,
				C4830FA2192E543A000D237E /* Supporting Files */,
			);
			path = LeftMenuViewExampleTests;
			sourceTree = "<group>";
		};
		C4830FA2192E543A000D237E /* Supporting Files */ = {
			isa = PBXGroup;
			children = (
				C4830FA3192E543A000D237E /* LeftMenuViewExampleTests-Info.plist */,
				C4830FA4192E543A000D237E /* InfoPlist.strings */,
			);
			name = "Supporting Files";
			sourceTree = "<group>";
		};
		C4830FB1192E5452000D237E /* Controllers */ = {
			isa = PBXGroup;
			children = (
				C4830FB6192E547E000D237E /* HAWLeftViewController.h */,
				C4830FB7192E547E000D237E /* HAWLeftViewController.m */,
				C4830F91192E543A000D237E /* HAWViewController.h */,
				C4830F92192E543A000D237E /* HAWViewController.m */,
			);
			name = Controllers;
			sourceTree = "<group>";
		};
		C4830FB2192E5456000D237E /* HAWLeftMenuViewController */ = {
			isa = PBXGroup;
			children = (
				C4830FB4192E546E000D237E /* HAWLeftMenuViewController.h */,
				C4830FB3192E546E000D237E /* HAWLeftMenuViewController.m */,
			);
			name = HAWLeftMenuViewController;
			sourceTree = "<group>";
		};
/* End PBXGroup section */

/* Begin PBXNativeTarget section */
		C4830F75192E543A000D237E /* LeftMenuViewExample */ = {
			isa = PBXNativeTarget;
			buildConfigurationList = C4830FAB192E543A000D237E /* Build configuration list for PBXNativeTarget "LeftMenuViewExample" */;
			buildPhases = (
				C4830F72192E543A000D237E /* Sources */,
				C4830F73192E543A000D237E /* Frameworks */,
				C4830F74192E543A000D237E /* Resources */,
			);
			buildRules = (
			);
			dependencies = (
			);
			name = LeftMenuViewExample;
			productName = LeftMenuViewExample;
			productReference = C4830F76192E543A000D237E /* LeftMenuViewExample.app */;
			productType = "com.apple.product-type.application";
		};
		C4830F99192E543A000D237E /* LeftMenuViewExampleTests */ = {
			isa = PBXNativeTarget;
			buildConfigurationList = C4830FAE192E543A000D237E /* Build configuration list for PBXNativeTarget "LeftMenuViewExampleTests" */;
			buildPhases = (
				C4830F96192E543A000D237E /* Sources */,
				C4830F97192E543A000D237E /* Frameworks */,
				C4830F98192E543A000D237E /* Resources */,
			);
			buildRules = (
			);
			dependencies = (
				C4830FA0192E543A000D237E /* PBXTargetDependency */,
			);
			name = LeftMenuViewExampleTests;
			productName = LeftMenuViewExampleTests;
			productReference = C4830F9A192E543A000D237E /* LeftMenuViewExampleTests.xctest */;
			productType = "com.apple.product-type.bundle.unit-test";
		};
/* End PBXNativeTarget section */

/* Begin PBXProject section */
		C4830F6E192E543A000D237E /* Project object */ = {
			isa = PBXProject;
			attributes = {
				CLASSPREFIX = HAW;
				LastUpgradeCheck = 0510;
				ORGANIZATIONNAME = HowAboutWe;
				TargetAttributes = {
					C4830F99192E543A000D237E = {
						TestTargetID = C4830F75192E543A000D237E;
					};
				};
			};
			buildConfigurationList = C4830F71192E543A000D237E /* Build configuration list for PBXProject "LeftMenuViewExample" */;
			compatibilityVersion = "Xcode 3.2";
			developmentRegion = English;
			hasScannedForEncodings = 0;
			knownRegions = (
				en,
				Base,
			);
			mainGroup = C4830F6D192E543A000D237E;
			productRefGroup = C4830F77192E543A000D237E /* Products */;
			projectDirPath = "";
			projectRoot = "";
			targets = (
				C4830F75192E543A000D237E /* LeftMenuViewExample */,
				C4830F99192E543A000D237E /* LeftMenuViewExampleTests */,
			);
		};
/* End PBXProject section */

/* Begin PBXResourcesBuildPhase section */
		C4830F74192E543A000D237E /* Resources */ = {
			isa = PBXResourcesBuildPhase;
			buildActionMask = 2147483647;
			files = (
				C4830F95192E543A000D237E /* Images.xcassets in Resources */,
				C4830F84192E543A000D237E /* InfoPlist.strings in Resources */,
			);
			runOnlyForDeploymentPostprocessing = 0;
		};
		C4830F98192E543A000D237E /* Resources */ = {
			isa = PBXResourcesBuildPhase;
			buildActionMask = 2147483647;
			files = (
				C4830FA6192E543A000D237E /* InfoPlist.strings in Resources */,
			);
			runOnlyForDeploymentPostprocessing = 0;
		};
/* End PBXResourcesBuildPhase section */

/* Begin PBXSourcesBuildPhase section */
		C4830F72192E543A000D237E /* Sources */ = {
			isa = PBXSourcesBuildPhase;
			buildActionMask = 2147483647;
			files = (
				C4830F86192E543A000D237E /* main.m in Sources */,
				C4830FB5192E546E000D237E /* HAWLeftMenuViewController.m in Sources */,
				C4830F8A192E543A000D237E /* HAWAppDelegate.m in Sources */,
				C4830FB8192E547E000D237E /* HAWLeftViewController.m in Sources */,
				C4830F93192E543A000D237E /* HAWViewController.m in Sources */,
			);
			runOnlyForDeploymentPostprocessing = 0;
		};
		C4830F96192E543A000D237E /* Sources */ = {
			isa = PBXSourcesBuildPhase;
			buildActionMask = 2147483647;
			files = (
				C4830FA8192E543A000D237E /* LeftMenuViewExampleTests.m in Sources */,
			);
			runOnlyForDeploymentPostprocessing = 0;
		};
/* End PBXSourcesBuildPhase section */

/* Begin PBXTargetDependency section */
		C4830FA0192E543A000D237E /* PBXTargetDependency */ = {
			isa = PBXTargetDependency;
			target = C4830F75192E543A000D237E /* LeftMenuViewExample */;
			targetProxy = C4830F9F192E543A000D237E /* PBXContainerItemProxy */;
		};
/* End PBXTargetDependency section */

/* Begin PBXVariantGroup section */
		C4830F82192E543A000D237E /* InfoPlist.strings */ = {
			isa = PBXVariantGroup;
			children = (
				C4830F83192E543A000D237E /* en */,
			);
			name = InfoPlist.strings;
			sourceTree = "<group>";
		};
		C4830FA4192E543A000D237E /* InfoPlist.strings */ = {
			isa = PBXVariantGroup;
			children = (
				C4830FA5192E543A000D237E /* en */,
			);
			name = InfoPlist.strings;
			sourceTree = "<group>";
		};
/* End PBXVariantGroup section */

/* Begin XCBuildConfiguration section */
		C4830FA9192E543A000D237E /* Debug */ = {
			isa = XCBuildConfiguration;
			buildSettings = {
				ALWAYS_SEARCH_USER_PATHS = NO;
				CLANG_CXX_LANGUAGE_STANDARD = "gnu++0x";
				CLANG_CXX_LIBRARY = "libc++";
				CLANG_ENABLE_MODULES = YES;
				CLANG_ENABLE_OBJC_ARC = YES;
				CLANG_WARN_BOOL_CONVERSION = YES;
				CLANG_WARN_CONSTANT_CONVERSION = YES;
				CLANG_WARN_DIRECT_OBJC_ISA_USAGE = YES_ERROR;
				CLANG_WARN_EMPTY_BODY = YES;
				CLANG_WARN_ENUM_CONVERSION = YES;
				CLANG_WARN_INT_CONVERSION = YES;
				CLANG_WARN_OBJC_ROOT_CLASS = YES_ERROR;
				CLANG_WARN__DUPLICATE_METHOD_MATCH = YES;
				"CODE_SIGN_IDENTITY[sdk=iphoneos*]" = "iPhone Developer";
				COPY_PHASE_STRIP = NO;
				GCC_C_LANGUAGE_STANDARD = gnu99;
				GCC_DYNAMIC_NO_PIC = NO;
				GCC_OPTIMIZATION_LEVEL = 0;
				GCC_PREPROCESSOR_DEFINITIONS = (
					"DEBUG=1",
					"$(inherited)",
				);
				GCC_SYMBOLS_PRIVATE_EXTERN = NO;
				GCC_WARN_64_TO_32_BIT_CONVERSION = YES;
				GCC_WARN_ABOUT_RETURN_TYPE = YES_ERROR;
				GCC_WARN_UNDECLARED_SELECTOR = YES;
				GCC_WARN_UNINITIALIZED_AUTOS = YES_AGGRESSIVE;
				GCC_WARN_UNUSED_FUNCTION = YES;
				GCC_WARN_UNUSED_VARIABLE = YES;
				IPHONEOS_DEPLOYMENT_TARGET = 7.1;
				ONLY_ACTIVE_ARCH = YES;
				SDKROOT = iphoneos;
				TARGETED_DEVICE_FAMILY = "1,2";
			};
			name = Debug;
		};
		C4830FAA192E543A000D237E /* Release */ = {
			isa = XCBuildConfiguration;
			buildSettings = {
				ALWAYS_SEARCH_USER_PATHS = NO;
				CLANG_CXX_LANGUAGE_STANDARD = "gnu++0x";
				CLANG_CXX_LIBRARY = "libc++";
				CLANG_ENABLE_MODULES = YES;
				CLANG_ENABLE_OBJC_ARC = YES;
				CLANG_WARN_BOOL_CONVERSION = YES;
				CLANG_WARN_CONSTANT_CONVERSION = YES;
				CLANG_WARN_DIRECT_OBJC_ISA_USAGE = YES_ERROR;
				CLANG_WARN_EMPTY_BODY = YES;
				CLANG_WARN_ENUM_CONVERSION = YES;
				CLANG_WARN_INT_CONVERSION = YES;
				CLANG_WARN_OBJC_ROOT_CLASS = YES_ERROR;
				CLANG_WARN__DUPLICATE_METHOD_MATCH = YES;
				"CODE_SIGN_IDENTITY[sdk=iphoneos*]" = "iPhone Developer";
				COPY_PHASE_STRIP = YES;
				ENABLE_NS_ASSERTIONS = NO;
				GCC_C_LANGUAGE_STANDARD = gnu99;
				GCC_WARN_64_TO_32_BIT_CONVERSION = YES;
				GCC_WARN_ABOUT_RETURN_TYPE = YES_ERROR;
				GCC_WARN_UNDECLARED_SELECTOR = YES;
				GCC_WARN_UNINITIALIZED_AUTOS = YES_AGGRESSIVE;
				GCC_WARN_UNUSED_FUNCTION = YES;
				GCC_WARN_UNUSED_VARIABLE = YES;
				IPHONEOS_DEPLOYMENT_TARGET = 7.1;
				SDKROOT = iphoneos;
				TARGETED_DEVICE_FAMILY = "1,2";
				VALIDATE_PRODUCT = YES;
			};
			name = Release;
		};
		C4830FAC192E543A000D237E /* Debug */ = {
			isa = XCBuildConfiguration;
			buildSettings = {
				ASSETCATALOG_COMPILER_APPICON_NAME = AppIcon;
				ASSETCATALOG_COMPILER_LAUNCHIMAGE_NAME = LaunchImage;
				GCC_PRECOMPILE_PREFIX_HEADER = YES;
				GCC_PREFIX_HEADER = "LeftMenuViewExample/LeftMenuViewExample-Prefix.pch";
				INFOPLIST_FILE = "LeftMenuViewExample/LeftMenuViewExample-Info.plist";
				PRODUCT_NAME = "$(TARGET_NAME)";
				WRAPPER_EXTENSION = app;
			};
			name = Debug;
		};
		C4830FAD192E543A000D237E /* Release */ = {
			isa = XCBuildConfiguration;
			buildSettings = {
				ASSETCATALOG_COMPILER_APPICON_NAME = AppIcon;
				ASSETCATALOG_COMPILER_LAUNCHIMAGE_NAME = LaunchImage;
				GCC_PRECOMPILE_PREFIX_HEADER = YES;
				GCC_PREFIX_HEADER = "LeftMenuViewExample/LeftMenuViewExample-Prefix.pch";
				INFOPLIST_FILE = "LeftMenuViewExample/LeftMenuViewExample-Info.plist";
				PRODUCT_NAME = "$(TARGET_NAME)";
				WRAPPER_EXTENSION = app;
			};
			name = Release;
		};
		C4830FAF192E543A000D237E /* Debug */ = {
			isa = XCBuildConfiguration;
			buildSettings = {
				BUNDLE_LOADER = "$(BUILT_PRODUCTS_DIR)/LeftMenuViewExample.app/LeftMenuViewExample";
				FRAMEWORK_SEARCH_PATHS = (
					"$(SDKROOT)/Developer/Library/Frameworks",
					"$(inherited)",
					"$(DEVELOPER_FRAMEWORKS_DIR)",
				);
				GCC_PRECOMPILE_PREFIX_HEADER = YES;
				GCC_PREFIX_HEADER = "LeftMenuViewExample/LeftMenuViewExample-Prefix.pch";
				GCC_PREPROCESSOR_DEFINITIONS = (
					"DEBUG=1",
					"$(inherited)",
				);
				INFOPLIST_FILE = "LeftMenuViewExampleTests/LeftMenuViewExampleTests-Info.plist";
				PRODUCT_NAME = "$(TARGET_NAME)";
				TEST_HOST = "$(BUNDLE_LOADER)";
				WRAPPER_EXTENSION = xctest;
			};
			name = Debug;
		};
		C4830FB0192E543A000D237E /* Release */ = {
			isa = XCBuildConfiguration;
			buildSettings = {
				BUNDLE_LOADER = "$(BUILT_PRODUCTS_DIR)/LeftMenuViewExample.app/LeftMenuViewExample";
				FRAMEWORK_SEARCH_PATHS = (
					"$(SDKROOT)/Developer/Library/Frameworks",
					"$(inherited)",
					"$(DEVELOPER_FRAMEWORKS_DIR)",
				);
				GCC_PRECOMPILE_PREFIX_HEADER = YES;
				GCC_PREFIX_HEADER = "LeftMenuViewExample/LeftMenuViewExample-Prefix.pch";
				INFOPLIST_FILE = "LeftMenuViewExampleTests/LeftMenuViewExampleTests-Info.plist";
				PRODUCT_NAME = "$(TARGET_NAME)";
				TEST_HOST = "$(BUNDLE_LOADER)";
				WRAPPER_EXTENSION = xctest;
			};
			name = Release;
		};
/* End XCBuildConfiguration section */

/* Begin XCConfigurationList section */
		C4830F71192E543A000D237E /* Build configuration list for PBXProject "LeftMenuViewExample" */ = {
			isa = XCConfigurationList;
			buildConfigurations = (
				C4830FA9192E543A000D237E /* Debug */,
				C4830FAA192E543A000D237E /* Release */,
			);
			defaultConfigurationIsVisible = 0;
			defaultConfigurationName = Release;
		};
		C4830FAB192E543A000D237E /* Build configuration list for PBXNativeTarget "LeftMenuViewExample" */ = {
			isa = XCConfigurationList;
			buildConfigurations = (
				C4830FAC192E543A000D237E /* Debug */,
				C4830FAD192E543A000D237E /* Release */,
			);
			defaultConfigurationIsVisible = 0;
		};
		C4830FAE192E543A000D237E /* Build configuration list for PBXNativeTarget "LeftMenuViewExampleTests" */ = {
			isa = XCConfigurationList;
			buildConfigurations = (
				C4830FAF192E543A000D237E /* Debug */,
				C4830FB0192E543A000D237E /* Release */,
			);
			defaultConfigurationIsVisible = 0;
		};
/* End XCConfigurationList section */
	};
	rootObject = C4830F6E192E543A000D237E /* Project object */;
}
